
Microsoft Visual Studio Solution File, Format Version 12.00
# Visual Studio Version 17
VisualStudioVersion = 17.10.34928.147
MinimumVisualStudioVersion = 10.0.40219.1
Project("{FAE04EC0-301F-11D3-BF4B-00C04F79EFBC}") = "NumBot", "NumBot\NumBot.csproj", "{864FE4E8-CEC9-4CAD-8157-74AE832DE0DE}"
EndProject
Global
	GlobalSection(SolutionConfigurationPlatforms) = preSolution
		Debug|Any CPU = Debug|Any CPU
		Release|Any CPU = Release|Any CPU
	EndGlobalSection
	GlobalSection(ProjectConfigurationPlatforms) = postSolution
		{864FE4E8-CEC9-4CAD-8157-74AE832DE0DE}.Debug|Any CPU.ActiveCfg = Debug|Any CPU
		{864FE4E8-CEC9-4CAD-8157-74AE832DE0DE}.Debug|Any CPU.Build.0 = Debug|Any CPU
		{864FE4E8-CEC9-4CAD-8157-74AE832DE0DE}.Release|Any CPU.ActiveCfg = Release|Any CPU
		{864FE4E8-CEC9-4CAD-8157-74AE832DE0DE}.Release|Any CPU.Build.0 = Release|Any CPU
	EndGlobalSection
	GlobalSection(SolutionProperties) = preSolution
		HideSolutionNode = FALSE
	EndGlobalSection
	GlobalSection(ExtensibilityGlobals) = postSolution
		SolutionGuid = {C522B0BF-1BF1-4A57-9892-7AA36E627E5D}
	EndGlobalSection
EndGlobal
